// !$*UTF8*$!
{
	archiveVersion = 1;
	classes = {
	};
	objectVersion = 48;
	objects = {

/* Begin PBXBuildFile section */
		B3568F702011A23F00F24AD2 /* AppDelegate.swift in Sources */ = {isa = PBXBuildFile; fileRef = B3568F6F2011A23F00F24AD2 /* AppDelegate.swift */; };
		B3568F722011A23F00F24AD2 /* ViewController.swift in Sources */ = {isa = PBXBuildFile; fileRef = B3568F712011A23F00F24AD2 /* ViewController.swift */; };
		B3568F752011A23F00F24AD2 /* Main.storyboard in Resources */ = {isa = PBXBuildFile; fileRef = B3568F732011A23F00F24AD2 /* Main.storyboard */; };
		B3568F782011A23F00F24AD2 /* Standard_Fil_A.xcdatamodeld in Sources */ = {isa = PBXBuildFile; fileRef = B3568F762011A23F00F24AD2 /* Standard_Fil_A.xcdatamodeld */; };
		B3568F7A2011A23F00F24AD2 /* Assets.xcassets in Resources */ = {isa = PBXBuildFile; fileRef = B3568F792011A23F00F24AD2 /* Assets.xcassets */; };
		B3568F7D2011A23F00F24AD2 /* LaunchScreen.storyboard in Resources */ = {isa = PBXBuildFile; fileRef = B3568F7B2011A23F00F24AD2 /* LaunchScreen.storyboard */; };
/* End PBXBuildFile section */

/* Begin PBXFileReference section */
		B3568F6C2011A23F00F24AD2 /* Standard-Fil-A.app */ = {isa = PBXFileReference; explicitFileType = wrapper.application; includeInIndex = 0; path = "Standard-Fil-A.app"; sourceTree = BUILT_PRODUCTS_DIR; };
		B3568F6F2011A23F00F24AD2 /* AppDelegate.swift */ = {isa = PBXFileReference; lastKnownFileType = sourcecode.swift; path = AppDelegate.swift; sourceTree = "<group>"; };
		B3568F712011A23F00F24AD2 /* ViewController.swift */ = {isa = PBXFileReference; lastKnownFileType = sourcecode.swift; path = ViewController.swift; sourceTree = "<group>"; };
		B3568F742011A23F00F24AD2 /* Base */ = {isa = PBXFileReference; lastKnownFileType = file.storyboard; name = Base; path = Base.lproj/Main.storyboard; sourceTree = "<group>"; };
		B3568F772011A23F00F24AD2 /* Standard_Fil_A.xcdatamodel */ = {isa = PBXFileReference; lastKnownFileType = wrapper.xcdatamodel; path = Standard_Fil_A.xcdatamodel; sourceTree = "<group>"; };
		B3568F792011A23F00F24AD2 /* Assets.xcassets */ = {isa = PBXFileReference; lastKnownFileType = folder.assetcatalog; path = Assets.xcassets; sourceTree = "<group>"; };
		B3568F7C2011A23F00F24AD2 /* Base */ = {isa = PBXFileReference; lastKnownFileType = file.storyboard; name = Base; path = Base.lproj/LaunchScreen.storyboard; sourceTree = "<group>"; };
		B3568F7E2011A23F00F24AD2 /* Info.plist */ = {isa = PBXFileReference; lastKnownFileType = text.plist.xml; path = Info.plist; sourceTree = "<group>"; };
/* End PBXFileReference section */

/* Begin PBXFrameworksBuildPhase section */
		B3568F692011A23F00F24AD2 /* Frameworks */ = {
			isa = PBXFrameworksBuildPhase;
			buildActionMask = 2147483647;
			files = (
			);
			runOnlyForDeploymentPostprocessing = 0;
		};
/* End PBXFrameworksBuildPhase section */

/* Begin PBXGroup section */
		B3568F632011A23F00F24AD2 = {
			isa = PBXGroup;
			children = (
				B3568F6E2011A23F00F24AD2 /* Standard-Fil-A */,
				B3568F6D2011A23F00F24AD2 /* Products */,
			);
			sourceTree = "<group>";
		};
		B3568F6D2011A23F00F24AD2 /* Products */ = {
			isa = PBXGroup;
			children = (
				B3568F6C2011A23F00F24AD2 /* Standard-Fil-A.app */,
			);
			name = Products;
			sourceTree = "<group>";
		};
		B3568F6E2011A23F00F24AD2 /* Standard-Fil-A */ = {
			isa = PBXGroup;
			children = (
				B3568F6F2011A23F00F24AD2 /* AppDelegate.swift */,
				B3568F712011A23F00F24AD2 /* ViewController.swift */,
				B3568F732011A23F00F24AD2 /* Main.storyboard */,
				B3568F792011A23F00F24AD2 /* Assets.xcassets */,
				B3568F7B2011A23F00F24AD2 /* LaunchScreen.storyboard */,
				B3568F7E2011A23F00F24AD2 /* Info.plist */,
				B3568F762011A23F00F24AD2 /* Standard_Fil_A.xcdatamodeld */,
			);
			path = "Standard-Fil-A";
			sourceTree = "<group>";
		};
/* End PBXGroup section */

/* Begin PBXNativeTarget section */
		B3568F6B2011A23F00F24AD2 /* Standard-Fil-A */ = {
			isa = PBXNativeTarget;
			buildConfigurationList = B3568F812011A23F00F24AD2 /* Build configuration list for PBXNativeTarget "Standard-Fil-A" */;
			buildPhases = (
				B3568F682011A23F00F24AD2 /* Sources */,
				B3568F692011A23F00F24AD2 /* Frameworks */,
				B3568F6A2011A23F00F24AD2 /* Resources */,
			);
			buildRules = (
			);
			dependencies = (
			);
			name = "Standard-Fil-A";
			productName = "Standard-Fil-A";
			productReference = B3568F6C2011A23F00F24AD2 /* Standard-Fil-A.app */;
			productType = "com.apple.product-type.application";
		};
/* End PBXNativeTarget section */

/* Begin PBXProject section */
		B3568F642011A23F00F24AD2 /* Project object */ = {
			isa = PBXProject;
			attributes = {
				LastSwiftUpdateCheck = 0920;
				LastUpgradeCheck = 0920;
				ORGANIZATIONNAME = "Turner Thornberry";
				TargetAttributes = {
					B3568F6B2011A23F00F24AD2 = {
						CreatedOnToolsVersion = 9.2;
						ProvisioningStyle = Automatic;
					};
				};
			};
			buildConfigurationList = B3568F672011A23F00F24AD2 /* Build configuration list for PBXProject "Standard-Fil-A" */;
			compatibilityVersion = "Xcode 8.0";
			developmentRegion = en;
			hasScannedForEncodings = 0;
			knownRegions = (
				en,
				Base,
			);
			mainGroup = B3568F632011A23F00F24AD2;
			productRefGroup = B3568F6D2011A23F00F24AD2 /* Products */;
			projectDirPath = "";
			projectRoot = "";
			targets = (
				B3568F6B2011A23F00F24AD2 /* Standard-Fil-A */,
			);
		};
/* End PBXProject section */

/* Begin PBXResourcesBuildPhase section */
		B3568F6A2011A23F00F24AD2 /* Resources */ = {
			isa = PBXResourcesBuildPhase;
			buildActionMask = 2147483647;
			files = (
				B3568F7D2011A23F00F24AD2 /* LaunchScreen.storyboard in Resources */,
				B3568F7A2011A23F00F24AD2 /* Assets.xcassets in Resources */,
				B3568F752011A23F00F24AD2 /* Main.storyboard in Resources */,
			);
			runOnlyForDeploymentPostprocessing = 0;
		};
/* End PBXResourcesBuildPhase section */

/* Begin PBXSourcesBuildPhase section */
		B3568F682011A23F00F24AD2 /* Sources */ = {
			isa = PBXSourcesBuildPhase;
			buildActionMask = 2147483647;
			files = (
				B3568F722011A23F00F24AD2 /* ViewController.swift in Sources */,
				B3568F782011A23F00F24AD2 /* Standard_Fil_A.xcdatamodeld in Sources */,
				B3568F702011A23F00F24AD2 /* AppDelegate.swift in Sources */,
			);
			runOnlyForDeploymentPostprocessing = 0;
		};
/* End PBXSourcesBuildPhase section */

/* Begin PBXVariantGroup section */
		B3568F732011A23F00F24AD2 /* Main.storyboard */ = {
			isa = PBXVariantGroup;
			children = (
				B3568F742011A23F00F24AD2 /* Base */,
			);
			name = Main.storyboard;
			sourceTree = "<group>";
		};
		B3568F7B2011A23F00F24AD2 /* LaunchScreen.storyboard */ = {
			isa = PBXVariantGroup;
			children = (
				B3568F7C2011A23F00F24AD2 /* Base */,
			);
			name = LaunchScreen.storyboard;
			sourceTree = "<group>";
		};
/* End PBXVariantGroup section */

/* Begin XCBuildConfiguration section */
		B3568F7F2011A23F00F24AD2 /* Debug */ = {
			isa = XCBuildConfiguration;
			buildSettings = {
				ALWAYS_SEARCH_USER_PATHS = NO;
				CLANG_ANALYZER_NONNULL = YES;
				CLANG_ANALYZER_NUMBER_OBJECT_CONVERSION = YES_AGGRESSIVE;
				CLANG_CXX_LANGUAGE_STANDARD = "gnu++14";
				CLANG_CXX_LIBRARY = "libc++";
				CLANG_ENABLE_MODULES = YES;
				CLANG_ENABLE_OBJC_ARC = YES;
				CLANG_WARN_BLOCK_CAPTURE_AUTORELEASING = YES;
				CLANG_WARN_BOOL_CONVERSION = YES;
				CLANG_WARN_COMMA = YES;
				CLANG_WARN_CONSTANT_CONVERSION = YES;
				CLANG_WARN_DIRECT_OBJC_ISA_USAGE = YES_ERROR;
				CLANG_WARN_DOCUMENTATION_COMMENTS = YES;
				CLANG_WARN_EMPTY_BODY = YES;
				CLANG_WARN_ENUM_CONVERSION = YES;
				CLANG_WARN_INFINITE_RECURSION = YES;
				CLANG_WARN_INT_CONVERSION = YES;
				CLANG_WARN_NON_LITERAL_NULL_CONVERSION = YES;
				CLANG_WARN_OBJC_LITERAL_CONVERSION = YES;
				CLANG_WARN_OBJC_ROOT_CLASS = YES_ERROR;
				CLANG_WARN_RANGE_LOOP_ANALYSIS = YES;
				CLANG_WARN_STRICT_PROTOTYPES = YES;
				CLANG_WARN_SUSPICIOUS_MOVE = YES;
				CLANG_WARN_UNGUARDED_AVAILABILITY = YES_AGGRESSIVE;
				CLANG_WARN_UNREACHABLE_CODE = YES;
				CLANG_WARN__DUPLICATE_METHOD_MATCH = YES;
				CODE_SIGN_IDENTITY = "iPhone Developer";
				COPY_PHASE_STRIP = NO;
				DEBUG_INFORMATION_FORMAT = dwarf;
				ENABLE_STRICT_OBJC_MSGSEND = YES;
				ENABLE_TESTABILITY = YES;
				GCC_C_LANGUAGE_STANDARD = gnu11;
				GCC_DYNAMIC_NO_PIC = NO;
				GCC_NO_COMMON_BLOCKS = YES;
				GCC_OPTIMIZATION_LEVEL = 0;
				GCC_PREPROCESSOR_DEFINITIONS = (
					"DEBUG=1",
					"$(inherited)",
				);
				GCC_WARN_64_TO_32_BIT_CONVERSION = YES;
				GCC_WARN_ABOUT_RETURN_TYPE = YES_ERROR;
				GCC_WARN_UNDECLARED_SELECTOR = YES;
				GCC_WARN_UNINITIALIZED_AUTOS = YES_AGGRESSIVE;
				GCC_WARN_UNUSED_FUNCTION = YES;
				GCC_WARN_UNUSED_VARIABLE = YES;
				IPHONEOS_DEPLOYMENT_TARGET = 11.2;
				MTL_ENABLE_DEBUG_INFO = YES;
				ONLY_ACTIVE_ARCH = YES;
				SDKROOT = iphoneos;
				SWIFT_ACTIVE_COMPILATION_CONDITIONS = DEBUG;
				SWIFT_OPTIMIZATION_LEVEL = "-Onone";
			};
			name = Debug;
		};
		B3568F802011A23F00F24AD2 /* Release */ = {
			isa = XCBuildConfiguration;
			buildSettings = {
				ALWAYS_SEARCH_USER_PATHS = NO;
				CLANG_ANALYZER_NONNULL = YES;
				CLANG_ANALYZER_NUMBER_OBJECT_CONVERSION = YES_AGGRESSIVE;
				CLANG_CXX_LANGUAGE_STANDARD = "gnu++14";
				CLANG_CXX_LIBRARY = "libc++";
				CLANG_ENABLE_MODULES = YES;
				CLANG_ENABLE_OBJC_ARC = YES;
				CLANG_WARN_BLOCK_CAPTURE_AUTORELEASING = YES;
				CLANG_WARN_BOOL_CONVERSION = YES;
				CLANG_WARN_COMMA = YES;
				CLANG_WARN_CONSTANT_CONVERSION = YES;
				CLANG_WARN_DIRECT_OBJC_ISA_USAGE = YES_ERROR;
				CLANG_WARN_DOCUMENTATION_COMMENTS = YES;
				CLANG_WARN_EMPTY_BODY = YES;
				CLANG_WARN_ENUM_CONVERSION = YES;
				CLANG_WARN_INFINITE_RECURSION = YES;
				CLANG_WARN_INT_CONVERSION = YES;
				CLANG_WARN_NON_LITERAL_NULL_CONVERSION = YES;
				CLANG_WARN_OBJC_LITERAL_CONVERSION = YES;
				CLANG_WARN_OBJC_ROOT_CLASS = YES_ERROR;
				CLANG_WARN_RANGE_LOOP_ANALYSIS = YES;
				CLANG_WARN_STRICT_PROTOTYPES = YES;
				CLANG_WARN_SUSPICIOUS_MOVE = YES;
				CLANG_WARN_UNGUARDED_AVAILABILITY = YES_AGGRESSIVE;
				CLANG_WARN_UNREACHABLE_CODE = YES;
				CLANG_WARN__DUPLICATE_METHOD_MATCH = YES;
				CODE_SIGN_IDENTITY = "iPhone Developer";
				COPY_PHASE_STRIP = NO;
				DEBUG_INFORMATION_FORMAT = "dwarf-with-dsym";
				ENABLE_NS_ASSERTIONS = NO;
				ENABLE_STRICT_OBJC_MSGSEND = YES;
				GCC_C_LANGUAGE_STANDARD = gnu11;
				GCC_NO_COMMON_BLOCKS = YES;
				GCC_WARN_64_TO_32_BIT_CONVERSION = YES;
				GCC_WARN_ABOUT_RETURN_TYPE = YES_ERROR;
				GCC_WARN_UNDECLARED_SELECTOR = YES;
				GCC_WARN_UNINITIALIZED_AUTOS = YES_AGGRESSIVE;
				GCC_WARN_UNUSED_FUNCTION = YES;
				GCC_WARN_UNUSED_VARIABLE = YES;
				IPHONEOS_DEPLOYMENT_TARGET = 11.2;
				MTL_ENABLE_DEBUG_INFO = NO;
				SDKROOT = iphoneos;
				SWIFT_OPTIMIZATION_LEVEL = "-Owholemodule";
				VALIDATE_PRODUCT = YES;
			};
			name = Release;
		};
		B3568F822011A23F00F24AD2 /* Debug */ = {
			isa = XCBuildConfiguration;
			buildSettings = {
				ASSETCATALOG_COMPILER_APPICON_NAME = AppIcon;
				CODE_SIGN_STYLE = Automatic;
				DEVELOPMENT_TEAM = 37NWD4XUMT;
				INFOPLIST_FILE = "Standard-Fil-A/Info.plist";
				LD_RUNPATH_SEARCH_PATHS = "$(inherited) @executable_path/Frameworks";
				PRODUCT_BUNDLE_IDENTIFIER = "com.personal.Standard-Fil-A";
				PRODUCT_NAME = "$(TARGET_NAME)";
				SWIFT_VERSION = 4.0;
				TARGETED_DEVICE_FAMILY = "1,2";
			};
			name = Debug;
		};
		B3568F832011A23F00F24AD2 /* Release */ = {
			isa = XCBuildConfiguration;
			buildSettings = {
				ASSETCATALOG_COMPILER_APPICON_NAME = AppIcon;
				CODE_SIGN_STYLE = Automatic;
				DEVELOPMENT_TEAM = 37NWD4XUMT;
				INFOPLIST_FILE = "Standard-Fil-A/Info.plist";
				LD_RUNPATH_SEARCH_PATHS = "$(inherited) @executable_path/Frameworks";
				PRODUCT_BUNDLE_IDENTIFIER = "com.personal.Standard-Fil-A";
				PRODUCT_NAME = "$(TARGET_NAME)";
				SWIFT_VERSION = 4.0;
				TARGETED_DEVICE_FAMILY = "1,2";
			};
			name = Release;
		};
/* End XCBuildConfiguration section */

/* Begin XCConfigurationList section */
		B3568F672011A23F00F24AD2 /* Build configuration list for PBXProject "Standard-Fil-A" */ = {
			isa = XCConfigurationList;
			buildConfigurations = (
				B3568F7F2011A23F00F24AD2 /* Debug */,
				B3568F802011A23F00F24AD2 /* Release */,
			);
			defaultConfigurationIsVisible = 0;
			defaultConfigurationName = Release;
		};
		B3568F812011A23F00F24AD2 /* Build configuration list for PBXNativeTarget "Standard-Fil-A" */ = {
			isa = XCConfigurationList;
			buildConfigurations = (
				B3568F822011A23F00F24AD2 /* Debug */,
				B3568F832011A23F00F24AD2 /* Release */,
			);
			defaultConfigurationIsVisible = 0;
			defaultConfigurationName = Release;
		};
/* End XCConfigurationList section */

/* Begin XCVersionGroup section */
		B3568F762011A23F00F24AD2 /* Standard_Fil_A.xcdatamodeld */ = {
			isa = XCVersionGroup;
			children = (
				B3568F772011A23F00F24AD2 /* Standard_Fil_A.xcdatamodel */,
			);
			currentVersion = B3568F772011A23F00F24AD2 /* Standard_Fil_A.xcdatamodel */;
			path = Standard_Fil_A.xcdatamodeld;
			sourceTree = "<group>";
			versionGroupType = wrapper.xcdatamodel;
		};
/* End XCVersionGroup section */
	};
	rootObject = B3568F642011A23F00F24AD2 /* Project object */;
}
